
Microsoft Visual Studio Solution File, Format Version 12.00
# Visual Studio 15
VisualStudioVersion = 15.0.28307.136
MinimumVisualStudioVersion = 10.0.40219.1
Project("{FAE04EC0-301F-11D3-BF4B-00C04F79EFBC}") = "CarDealershipAPI", "CarDealershipAPI\CarDealershipAPI.csproj", "{C111F17C-3AD7-4D7D-9B9E-25190F45C163}"
EndProject
Global
	GlobalSection(SolutionConfigurationPlatforms) = preSolution
		Debug|Any CPU = Debug|Any CPU
		Release|Any CPU = Release|Any CPU
	EndGlobalSection
	GlobalSection(ProjectConfigurationPlatforms) = postSolution
		{C111F17C-3AD7-4D7D-9B9E-25190F45C163}.Debug|Any CPU.ActiveCfg = Debug|Any CPU
		{C111F17C-3AD7-4D7D-9B9E-25190F45C163}.Debug|Any CPU.Build.0 = Debug|Any CPU
		{C111F17C-3AD7-4D7D-9B9E-25190F45C163}.Release|Any CPU.ActiveCfg = Release|Any CPU
		{C111F17C-3AD7-4D7D-9B9E-25190F45C163}.Release|Any CPU.Build.0 = Release|Any CPU
	EndGlobalSection
	GlobalSection(SolutionProperties) = preSolution
		HideSolutionNode = FALSE
	EndGlobalSection
	GlobalSection(ExtensibilityGlobals) = postSolution
		SolutionGuid = {79B13011-2734-48B9-B28D-96FC7224F9E7}
	EndGlobalSection
EndGlobal
